# THIS IS AN AUTOGENERATED FILE. DO NOT EDIT THIS FILE DIRECTLY.
# yarn lockfile v1


graphql-schema-decorator@^0.8.0:
  version "0.8.0"
  resolved "https://registry.yarnpkg.com/graphql-schema-decorator/-/graphql-schema-decorator-0.8.0.tgz#6d4034801c8f470b898e96ba0a2db053d69bacd3"
  dependencies:
    reflect-metadata "0.1.9"

reflect-metadata@0.1.9:
  version "0.1.9"
  resolved "https://registry.yarnpkg.com/reflect-metadata/-/reflect-metadata-0.1.9.tgz#987238dc87a516895fe457f130435ffbd763a4d4"
